
Microsoft Visual Studio Solution File, Format Version 12.00
# Visual Studio Version 17
VisualStudioVersion = 17.2.32630.192
MinimumVisualStudioVersion = 10.0.40219.1
Project("{FAE04EC0-301F-11D3-BF4B-00C04F79EFBC}") = "xoEngineTweaker", "xoEngineTweaker.csproj", "{9667216E-A0FE-4ADC-BC32-8D34809E3621}"
EndProject
Global
	GlobalSection(SolutionConfigurationPlatforms) = preSolution
		Debug|Any CPU = Debug|Any CPU
		Release|Any CPU = Release|Any CPU
	EndGlobalSection
	GlobalSection(ProjectConfigurationPlatforms) = postSolution
		{9667216E-A0FE-4ADC-BC32-8D34809E3621}.Debug|Any CPU.ActiveCfg = Debug|Any CPU
		{9667216E-A0FE-4ADC-BC32-8D34809E3621}.Debug|Any CPU.Build.0 = Debug|Any CPU
		{9667216E-A0FE-4ADC-BC32-8D34809E3621}.Release|Any CPU.ActiveCfg = Release|Any CPU
		{9667216E-A0FE-4ADC-BC32-8D34809E3621}.Release|Any CPU.Build.0 = Release|Any CPU
	EndGlobalSection
	GlobalSection(SolutionProperties) = preSolution
		HideSolutionNode = FALSE
	EndGlobalSection
	GlobalSection(ExtensibilityGlobals) = postSolution
		SolutionGuid = {FDC8B4DE-5F4B-44E4-872E-9B940AA134AD}
	EndGlobalSection
EndGlobal
